
Microsoft Visual Studio Solution File, Format Version 12.00
# Visual Studio Version 16
VisualStudioVersion = 16.0.30907.101
MinimumVisualStudioVersion = 10.0.40219.1
Project("{FAE04EC0-301F-11D3-BF4B-00C04F79EFBC}") = "RB2", "RB2.csproj", "{7383E2E7-F612-43F2-AB95-AB950AA58E6A}"
EndProject
Global
	GlobalSection(SolutionConfigurationPlatforms) = preSolution
		Debug|Any CPU = Debug|Any CPU
		Release|Any CPU = Release|Any CPU
	EndGlobalSection
	GlobalSection(ProjectConfigurationPlatforms) = postSolution
		{7383E2E7-F612-43F2-AB95-AB950AA58E6A}.Debug|Any CPU.ActiveCfg = Debug|Any CPU
		{7383E2E7-F612-43F2-AB95-AB950AA58E6A}.Debug|Any CPU.Build.0 = Debug|Any CPU
		{7383E2E7-F612-43F2-AB95-AB950AA58E6A}.Release|Any CPU.ActiveCfg = Release|Any CPU
		{7383E2E7-F612-43F2-AB95-AB950AA58E6A}.Release|Any CPU.Build.0 = Release|Any CPU
	EndGlobalSection
	GlobalSection(SolutionProperties) = preSolution
		HideSolutionNode = FALSE
	EndGlobalSection
	GlobalSection(ExtensibilityGlobals) = postSolution
		SolutionGuid = {B5919C70-F733-4E84-8936-AF42FC1A06FF}
	EndGlobalSection
EndGlobal
